<?xml version="1.0" encoding="UTF-8" standalone="yes" ?>
<CodeBlocks_project_file>
	<FileVersion major="1" minor="6" />
	<Project>
		<Option title="monochrome" />
		<Option pch_mode="2" />
		<Option compiler="gcc" />
		<Build>
			<Target title="Debug">
				<Option output="bin/Debug/monochrome" prefix_auto="1" extension_auto="1" />
				<Option object_output="obj/Debug/" />
				<Option type="1" />
				<Option compiler="gcc" />
				<Compiler>
					<Add option="-g" />
				</Compiler>
			</Target>
			<Target title="Release">
				<Option output="bin/Release/monochrome" prefix_auto="1" extension_auto="1" />
				<Option object_output="obj/Release/" />
				<Option type="1" />
				<Option compiler="gcc" />
				<Compiler>
					<Add option="-O2" />
				</Compiler>
				<Linker>
					<Add option="-s" />
				</Linker>
			</Target>
		</Build>
		<Compiler>
			<Add option="-Wall" />
			<Add option="-fexceptions" />
			<Add directory="Libraries/SDL2-devel-2.0.3-mingw/SDL2-2.0.3/i686-w64-mingw32/include/SDL2" />
			<Add directory="Libraries/SDL2_mixer-2.0.0/i686-w64-mingw32/include/SDL2" />
			<Add directory="Libraries/SDL2_image-2.0.0/i686-w64-mingw32/include/SDL2" />
		</Compiler>
		<Linker>
			<Add option="-lmingw32 -lSDL2main -lSDL2 -lSDL2_image -lSDL2_mixer" />
			<Add directory="Libraries/SDL2-devel-2.0.3-mingw/SDL2-2.0.3/i686-w64-mingw32/lib" />
			<Add directory="Libraries/SDL2_image-2.0.0/i686-w64-mingw32/lib" />
			<Add directory="Libraries/SDL2_mixer-2.0.0/i686-w64-mingw32/lib" />
		</Linker>
		<Unit filename="CollisionRectangle.cpp" />
		<Unit filename="CollisionRectangle.h" />
		<Unit filename="GameLvl.cpp" />
		<Unit filename="GameLvl.h" />
		<Unit filename="Main.h" />
		<Unit filename="MainCharacter.cpp" />
		<Unit filename="MainCharacter.h" />
		<Unit filename="SDL_Setup.cpp" />
		<Unit filename="SDL_Setup.h" />
		<Unit filename="Sprite.cpp" />
		<Unit filename="Sprite.h" />
		<Unit filename="libraries.h" />
		<Unit filename="main.cpp" />
		<Unit filename="monochrome.cpp" />
		<Unit filename="objects.h" />
		<Unit filename="objects/bullet.cpp" />
		<Unit filename="objects/bullet.h" />
		<Unit filename="objects/crate.cpp" />
		<Unit filename="objects/crate.h" />
		<Unit filename="struct.h" />
		<Extensions>
			<code_completion />
			<envvars />
			<debugger />
		</Extensions>
	</Project>
</CodeBlocks_project_file>
